
Microsoft Visual Studio Solution File, Format Version 12.00
# Visual Studio 15
VisualStudioVersion = 15.0.28307.136
MinimumVisualStudioVersion = 10.0.40219.1
Project("{FAE04EC0-301F-11D3-BF4B-00C04F79EFBC}") = "InversionOfControlMotor", "InversionOfControlMotor\InversionOfControlMotor.csproj", "{C37E6A28-EE81-4AC7-A624-912C039F4C89}"
EndProject
Project("{FAE04EC0-301F-11D3-BF4B-00C04F79EFBC}") = "Program", "Program\Program.csproj", "{B7EEA5EB-73E6-417B-9349-C639FEEEBFB6}"
EndProject
Global
	GlobalSection(SolutionConfigurationPlatforms) = preSolution
		Debug|Any CPU = Debug|Any CPU
		Release|Any CPU = Release|Any CPU
	EndGlobalSection
	GlobalSection(ProjectConfigurationPlatforms) = postSolution
		{C37E6A28-EE81-4AC7-A624-912C039F4C89}.Debug|Any CPU.ActiveCfg = Debug|Any CPU
		{C37E6A28-EE81-4AC7-A624-912C039F4C89}.Debug|Any CPU.Build.0 = Debug|Any CPU
		{C37E6A28-EE81-4AC7-A624-912C039F4C89}.Release|Any CPU.ActiveCfg = Release|Any CPU
		{C37E6A28-EE81-4AC7-A624-912C039F4C89}.Release|Any CPU.Build.0 = Release|Any CPU
		{B7EEA5EB-73E6-417B-9349-C639FEEEBFB6}.Debug|Any CPU.ActiveCfg = Debug|Any CPU
		{B7EEA5EB-73E6-417B-9349-C639FEEEBFB6}.Debug|Any CPU.Build.0 = Debug|Any CPU
		{B7EEA5EB-73E6-417B-9349-C639FEEEBFB6}.Release|Any CPU.ActiveCfg = Release|Any CPU
		{B7EEA5EB-73E6-417B-9349-C639FEEEBFB6}.Release|Any CPU.Build.0 = Release|Any CPU
	EndGlobalSection
	GlobalSection(SolutionProperties) = preSolution
		HideSolutionNode = FALSE
	EndGlobalSection
	GlobalSection(ExtensibilityGlobals) = postSolution
		SolutionGuid = {B3373454-625C-4B39-A50F-495BA1F956EB}
	EndGlobalSection
EndGlobal
